
Microsoft Visual Studio Solution File, Format Version 12.00
# Visual Studio 15
VisualStudioVersion = 15.0.26730.16
MinimumVisualStudioVersion = 10.0.40219.1
Project("{FAE04EC0-301F-11D3-BF4B-00C04F79EFBC}") = "n64TexConverterCI", "n64TexConverterCI\n64TexConverterCI.csproj", "{6F415A4E-1CBE-4139-8420-723357096F6E}"
EndProject
Global
	GlobalSection(SolutionConfigurationPlatforms) = preSolution
		Debug|Any CPU = Debug|Any CPU
		Release|Any CPU = Release|Any CPU
	EndGlobalSection
	GlobalSection(ProjectConfigurationPlatforms) = postSolution
		{6F415A4E-1CBE-4139-8420-723357096F6E}.Debug|Any CPU.ActiveCfg = Debug|Any CPU
		{6F415A4E-1CBE-4139-8420-723357096F6E}.Debug|Any CPU.Build.0 = Debug|Any CPU
		{6F415A4E-1CBE-4139-8420-723357096F6E}.Release|Any CPU.ActiveCfg = Release|Any CPU
		{6F415A4E-1CBE-4139-8420-723357096F6E}.Release|Any CPU.Build.0 = Release|Any CPU
	EndGlobalSection
	GlobalSection(SolutionProperties) = preSolution
		HideSolutionNode = FALSE
	EndGlobalSection
	GlobalSection(ExtensibilityGlobals) = postSolution
		SolutionGuid = {D215E3A4-5C07-40CF-838D-2271A8DC6B0B}
	EndGlobalSection
EndGlobal
